PODS:
  - AFNetworking (2.2.2):
    - AFNetworking/NSURLConnection
    - AFNetworking/NSURLSession
    - AFNetworking/Reachability
    - AFNetworking/Security
    - AFNetworking/Serialization
    - AFNetworking/UIKit
  - AFNetworking/NSURLConnection (2.2.2):
    - AFNetworking/Reachability
    - AFNetworking/Security
    - AFNetworking/Serialization
  - AFNetworking/NSURLSession (2.2.2):
    - AFNetworking/NSURLConnection
  - AFNetworking/Reachability (2.2.2)
  - AFNetworking/Security (2.2.2)
  - AFNetworking/Serialization (2.2.2)
  - AFNetworking/UIKit (2.2.2):
    - AFNetworking/NSURLConnection
    - AFNetworking/NSURLSession
  - FSOAuth (1.0)
  - RDRStickyKeyboardView (0.0.2)
  - Reveal-iOS-SDK (1.0.3)
  - SocketRocket (0.3.1-beta2)

DEPENDENCIES:
  - AFNetworking (~> 2.0)
  - FSOAuth (~> 1.0)
  - RDRStickyKeyboardView (~> 0.0)
  - Reveal-iOS-SDK
  - SocketRocket (~> 0.3.1beta2)

SPEC CHECKSUMS:
  AFNetworking: dd8c1868e57451e3d17ebd3516f2a8c16f9646fe
  FSOAuth: 8c590a8e7c716151b5d0f02b78e7b531ed64ff40
  RDRStickyKeyboardView: d05f78f153206ba3523c0bb3d6ce7e83f448d906
  Reveal-iOS-SDK: 8e6a6f22a9520437e4a180fe1d4e99f43b75430e
  SocketRocket: 7ac946bcce46287a791dfff3c1f8daa692821dae

COCOAPODS: 0.32.1
